// !$*UTF8*$!
{
	archiveVersion = 1;
	classes = {
	};
	objectVersion = 51;
	objects = {

/* Begin PBXBuildFile section */
		688F86B426B55EB000DF60C5 /* MoyaService.swift in Sources */ = {isa = PBXBuildFile; fileRef = 688F86B326B55EB000DF60C5 /* MoyaService.swift */; };
		688F86B626B56F1500DF60C5 /* JsonModel.swift in Sources */ = {isa = PBXBuildFile; fileRef = 688F86B526B56F1500DF60C5 /* JsonModel.swift */; };
		688F86B926B575FB00DF60C5 /* ApiWorking.swift in Sources */ = {isa = PBXBuildFile; fileRef = 688F86B826B575FB00DF60C5 /* ApiWorking.swift */; };
		688F86BC26B5854400DF60C5 /* ViewExtention.swift in Sources */ = {isa = PBXBuildFile; fileRef = 688F86BB26B5854400DF60C5 /* ViewExtention.swift */; };
		688F86C426B6D1A000DF60C5 /* MyImageView.swift in Sources */ = {isa = PBXBuildFile; fileRef = 688F86C326B6D19F00DF60C5 /* MyImageView.swift */; };
		688F86C626B6E92F00DF60C5 /* MyPickerView.swift in Sources */ = {isa = PBXBuildFile; fileRef = 688F86C526B6E92F00DF60C5 /* MyPickerView.swift */; };
		68B76E3626BA8E1400FB058A /* TableViewCell.swift in Sources */ = {isa = PBXBuildFile; fileRef = 68B76E3526BA8E1400FB058A /* TableViewCell.swift */; };
		68B76E3A26BB10FF00FB058A /* MyLabel.swift in Sources */ = {isa = PBXBuildFile; fileRef = 68B76E3926BB10FF00FB058A /* MyLabel.swift */; };
		68B76E3C26BB390A00FB058A /* PickersData.swift in Sources */ = {isa = PBXBuildFile; fileRef = 68B76E3B26BB390A00FB058A /* PickersData.swift */; };
		68D8034C26B4360600B25455 /* AppDelegate.swift in Sources */ = {isa = PBXBuildFile; fileRef = 68D8034B26B4360600B25455 /* AppDelegate.swift */; };
		68D8035026B4360600B25455 /* ViewController.swift in Sources */ = {isa = PBXBuildFile; fileRef = 68D8034F26B4360600B25455 /* ViewController.swift */; };
		68D8035526B4360A00B25455 /* Assets.xcassets in Resources */ = {isa = PBXBuildFile; fileRef = 68D8035426B4360A00B25455 /* Assets.xcassets */; };
		68D8035826B4360A00B25455 /* LaunchScreen.storyboard in Resources */ = {isa = PBXBuildFile; fileRef = 68D8035626B4360A00B25455 /* LaunchScreen.storyboard */; };
		C140C678566478F662E7A7A3 /* Pods_Pryaniky.framework in Frameworks */ = {isa = PBXBuildFile; fileRef = 02682F2ADAB31BF3BD5F84E0 /* Pods_Pryaniky.framework */; };
/* End PBXBuildFile section */

/* Begin PBXFileReference section */
		02682F2ADAB31BF3BD5F84E0 /* Pods_Pryaniky.framework */ = {isa = PBXFileReference; explicitFileType = wrapper.framework; includeInIndex = 0; path = Pods_Pryaniky.framework; sourceTree = BUILT_PRODUCTS_DIR; };
		688F86B326B55EB000DF60C5 /* MoyaService.swift */ = {isa = PBXFileReference; lastKnownFileType = sourcecode.swift; path = MoyaService.swift; sourceTree = "<group>"; };
		688F86B526B56F1500DF60C5 /* JsonModel.swift */ = {isa = PBXFileReference; lastKnownFileType = sourcecode.swift; path = JsonModel.swift; sourceTree = "<group>"; };
		688F86B826B575FB00DF60C5 /* ApiWorking.swift */ = {isa = PBXFileReference; lastKnownFileType = sourcecode.swift; path = ApiWorking.swift; sourceTree = "<group>"; };
		688F86BB26B5854400DF60C5 /* ViewExtention.swift */ = {isa = PBXFileReference; lastKnownFileType = sourcecode.swift; path = ViewExtention.swift; sourceTree = "<group>"; };
		688F86C326B6D19F00DF60C5 /* MyImageView.swift */ = {isa = PBXFileReference; lastKnownFileType = sourcecode.swift; path = MyImageView.swift; sourceTree = "<group>"; };
		688F86C526B6E92F00DF60C5 /* MyPickerView.swift */ = {isa = PBXFileReference; lastKnownFileType = sourcecode.swift; path = MyPickerView.swift; sourceTree = "<group>"; };
		68B76E3526BA8E1400FB058A /* TableViewCell.swift */ = {isa = PBXFileReference; lastKnownFileType = sourcecode.swift; path = TableViewCell.swift; sourceTree = "<group>"; };
		68B76E3926BB10FF00FB058A /* MyLabel.swift */ = {isa = PBXFileReference; lastKnownFileType = sourcecode.swift; path = MyLabel.swift; sourceTree = "<group>"; };
		68B76E3B26BB390A00FB058A /* PickersData.swift */ = {isa = PBXFileReference; lastKnownFileType = sourcecode.swift; path = PickersData.swift; sourceTree = "<group>"; };
		68D8034826B4360600B25455 /* Pryaniky.app */ = {isa = PBXFileReference; explicitFileType = wrapper.application; includeInIndex = 0; path = Pryaniky.app; sourceTree = BUILT_PRODUCTS_DIR; };
		68D8034B26B4360600B25455 /* AppDelegate.swift */ = {isa = PBXFileReference; lastKnownFileType = sourcecode.swift; path = AppDelegate.swift; sourceTree = "<group>"; };
		68D8034F26B4360600B25455 /* ViewController.swift */ = {isa = PBXFileReference; lastKnownFileType = sourcecode.swift; path = ViewController.swift; sourceTree = "<group>"; };
		68D8035426B4360A00B25455 /* Assets.xcassets */ = {isa = PBXFileReference; lastKnownFileType = folder.assetcatalog; path = Assets.xcassets; sourceTree = "<group>"; };
		68D8035726B4360A00B25455 /* Base */ = {isa = PBXFileReference; lastKnownFileType = file.storyboard; name = Base; path = Base.lproj/LaunchScreen.storyboard; sourceTree = "<group>"; };
		68D8035926B4360A00B25455 /* Info.plist */ = {isa = PBXFileReference; lastKnownFileType = text.plist.xml; path = Info.plist; sourceTree = "<group>"; };
		A03F86FF48937B4EB2647956 /* Pods-Pryaniky.release.xcconfig */ = {isa = PBXFileReference; includeInIndex = 1; lastKnownFileType = text.xcconfig; name = "Pods-Pryaniky.release.xcconfig"; path = "Target Support Files/Pods-Pryaniky/Pods-Pryaniky.release.xcconfig"; sourceTree = "<group>"; };
		AC879728A835DF77D586E930 /* Pods-Pryaniky.debug.xcconfig */ = {isa = PBXFileReference; includeInIndex = 1; lastKnownFileType = text.xcconfig; name = "Pods-Pryaniky.debug.xcconfig"; path = "Target Support Files/Pods-Pryaniky/Pods-Pryaniky.debug.xcconfig"; sourceTree = "<group>"; };
/* End PBXFileReference section */

/* Begin PBXFrameworksBuildPhase section */
		68D8034526B4360600B25455 /* Frameworks */ = {
			isa = PBXFrameworksBuildPhase;
			buildActionMask = 2147483647;
			files = (
				C140C678566478F662E7A7A3 /* Pods_Pryaniky.framework in Frameworks */,
			);
			runOnlyForDeploymentPostprocessing = 0;
		};
/* End PBXFrameworksBuildPhase section */

/* Begin PBXGroup section */
		5980D4DF1BBA87A77245C3EB /* Pods */ = {
			isa = PBXGroup;
			children = (
				AC879728A835DF77D586E930 /* Pods-Pryaniky.debug.xcconfig */,
				A03F86FF48937B4EB2647956 /* Pods-Pryaniky.release.xcconfig */,
			);
			path = Pods;
			sourceTree = "<group>";
		};
		688F86B726B575B700DF60C5 /* Networking */ = {
			isa = PBXGroup;
			children = (
				688F86B826B575FB00DF60C5 /* ApiWorking.swift */,
				688F86B326B55EB000DF60C5 /* MoyaService.swift */,
			);
			path = Networking;
			sourceTree = "<group>";
		};
		688F86BA26B5771500DF60C5 /* Models */ = {
			isa = PBXGroup;
			children = (
				688F86B526B56F1500DF60C5 /* JsonModel.swift */,
			);
			path = Models;
			sourceTree = "<group>";
		};
		688F86C126B5FBC600DF60C5 /* View */ = {
			isa = PBXGroup;
			children = (
				688F86BB26B5854400DF60C5 /* ViewExtention.swift */,
				688F86C326B6D19F00DF60C5 /* MyImageView.swift */,
				688F86C526B6E92F00DF60C5 /* MyPickerView.swift */,
				68B76E3926BB10FF00FB058A /* MyLabel.swift */,
			);
			path = View;
			sourceTree = "<group>";
		};
		688F86C226B6C0E500DF60C5 /* Controller */ = {
			isa = PBXGroup;
			children = (
				68D8034F26B4360600B25455 /* ViewController.swift */,
				68B76E3526BA8E1400FB058A /* TableViewCell.swift */,
				68B76E3B26BB390A00FB058A /* PickersData.swift */,
			);
			path = Controller;
			sourceTree = "<group>";
		};
		68D8033F26B4360600B25455 = {
			isa = PBXGroup;
			children = (
				68D8034A26B4360600B25455 /* Pryaniky */,
				68D8034926B4360600B25455 /* Products */,
				5980D4DF1BBA87A77245C3EB /* Pods */,
				BF71AB332CB2217AEFF605FA /* Frameworks */,
			);
			sourceTree = "<group>";
		};
		68D8034926B4360600B25455 /* Products */ = {
			isa = PBXGroup;
			children = (
				68D8034826B4360600B25455 /* Pryaniky.app */,
			);
			name = Products;
			sourceTree = "<group>";
		};
		68D8034A26B4360600B25455 /* Pryaniky */ = {
			isa = PBXGroup;
			children = (
				68D8034B26B4360600B25455 /* AppDelegate.swift */,
				688F86C226B6C0E500DF60C5 /* Controller */,
				688F86C126B5FBC600DF60C5 /* View */,
				688F86B726B575B700DF60C5 /* Networking */,
				688F86BA26B5771500DF60C5 /* Models */,
				68D8035426B4360A00B25455 /* Assets.xcassets */,
				68D8035626B4360A00B25455 /* LaunchScreen.storyboard */,
				68D8035926B4360A00B25455 /* Info.plist */,
			);
			path = Pryaniky;
			sourceTree = "<group>";
		};
		BF71AB332CB2217AEFF605FA /* Frameworks */ = {
			isa = PBXGroup;
			children = (
				02682F2ADAB31BF3BD5F84E0 /* Pods_Pryaniky.framework */,
			);
			name = Frameworks;
			sourceTree = "<group>";
		};
/* End PBXGroup section */

/* Begin PBXNativeTarget section */
		68D8034726B4360600B25455 /* Pryaniky */ = {
			isa = PBXNativeTarget;
			buildConfigurationList = 68D8035C26B4360A00B25455 /* Build configuration list for PBXNativeTarget "Pryaniky" */;
			buildPhases = (
				5598FF1D3CA5A8ECB23AC0A2 /* [CP] Check Pods Manifest.lock */,
				68D8034426B4360600B25455 /* Sources */,
				68D8034526B4360600B25455 /* Frameworks */,
				68D8034626B4360600B25455 /* Resources */,
				A384AB573696AB4B20E36268 /* [CP] Embed Pods Frameworks */,
			);
			buildRules = (
			);
			dependencies = (
			);
			name = Pryaniky;
			productName = Pryaniky;
			productReference = 68D8034826B4360600B25455 /* Pryaniky.app */;
			productType = "com.apple.product-type.application";
		};
/* End PBXNativeTarget section */

/* Begin PBXProject section */
		68D8034026B4360600B25455 /* Project object */ = {
			isa = PBXProject;
			attributes = {
				LastSwiftUpdateCheck = 1250;
				LastUpgradeCheck = 1250;
				TargetAttributes = {
					68D8034726B4360600B25455 = {
						CreatedOnToolsVersion = 12.5;
					};
				};
			};
			buildConfigurationList = 68D8034326B4360600B25455 /* Build configuration list for PBXProject "Pryaniky" */;
			compatibilityVersion = "Xcode 9.3";
			developmentRegion = en;
			hasScannedForEncodings = 0;
			knownRegions = (
				en,
				Base,
			);
			mainGroup = 68D8033F26B4360600B25455;
			productRefGroup = 68D8034926B4360600B25455 /* Products */;
			projectDirPath = "";
			projectRoot = "";
			targets = (
				68D8034726B4360600B25455 /* Pryaniky */,
			);
		};
/* End PBXProject section */

/* Begin PBXResourcesBuildPhase section */
		68D8034626B4360600B25455 /* Resources */ = {
			isa = PBXResourcesBuildPhase;
			buildActionMask = 2147483647;
			files = (
				68D8035826B4360A00B25455 /* LaunchScreen.storyboard in Resources */,
				68D8035526B4360A00B25455 /* Assets.xcassets in Resources */,
			);
			runOnlyForDeploymentPostprocessing = 0;
		};
/* End PBXResourcesBuildPhase section */

/* Begin PBXShellScriptBuildPhase section */
		5598FF1D3CA5A8ECB23AC0A2 /* [CP] Check Pods Manifest.lock */ = {
			isa = PBXShellScriptBuildPhase;
			buildActionMask = 2147483647;
			files = (
			);
			inputFileListPaths = (
			);
			inputPaths = (
				"${PODS_PODFILE_DIR_PATH}/Podfile.lock",
				"${PODS_ROOT}/Manifest.lock",
			);
			name = "[CP] Check Pods Manifest.lock";
			outputFileListPaths = (
			);
			outputPaths = (
				"$(DERIVED_FILE_DIR)/Pods-Pryaniky-checkManifestLockResult.txt",
			);
			runOnlyForDeploymentPostprocessing = 0;
			shellPath = /bin/sh;
			shellScript = "diff \"${PODS_PODFILE_DIR_PATH}/Podfile.lock\" \"${PODS_ROOT}/Manifest.lock\" > /dev/null\nif [ $? != 0 ] ; then\n    # print error to STDERR\n    echo \"error: The sandbox is not in sync with the Podfile.lock. Run 'pod install' or update your CocoaPods installation.\" >&2\n    exit 1\nfi\n# This output is used by Xcode 'outputs' to avoid re-running this script phase.\necho \"SUCCESS\" > \"${SCRIPT_OUTPUT_FILE_0}\"\n";
			showEnvVarsInLog = 0;
		};
		A384AB573696AB4B20E36268 /* [CP] Embed Pods Frameworks */ = {
			isa = PBXShellScriptBuildPhase;
			buildActionMask = 2147483647;
			files = (
			);
			inputFileListPaths = (
				"${PODS_ROOT}/Target Support Files/Pods-Pryaniky/Pods-Pryaniky-frameworks-${CONFIGURATION}-input-files.xcfilelist",
			);
			name = "[CP] Embed Pods Frameworks";
			outputFileListPaths = (
				"${PODS_ROOT}/Target Support Files/Pods-Pryaniky/Pods-Pryaniky-frameworks-${CONFIGURATION}-output-files.xcfilelist",
			);
			runOnlyForDeploymentPostprocessing = 0;
			shellPath = /bin/sh;
			shellScript = "\"${PODS_ROOT}/Target Support Files/Pods-Pryaniky/Pods-Pryaniky-frameworks.sh\"\n";
			showEnvVarsInLog = 0;
		};
/* End PBXShellScriptBuildPhase section */

/* Begin PBXSourcesBuildPhase section */
		68D8034426B4360600B25455 /* Sources */ = {
			isa = PBXSourcesBuildPhase;
			buildActionMask = 2147483647;
			files = (
				688F86B926B575FB00DF60C5 /* ApiWorking.swift in Sources */,
				688F86C426B6D1A000DF60C5 /* MyImageView.swift in Sources */,
				688F86B626B56F1500DF60C5 /* JsonModel.swift in Sources */,
				68B76E3626BA8E1400FB058A /* TableViewCell.swift in Sources */,
				68D8035026B4360600B25455 /* ViewController.swift in Sources */,
				688F86C626B6E92F00DF60C5 /* MyPickerView.swift in Sources */,
				68B76E3C26BB390A00FB058A /* PickersData.swift in Sources */,
				68B76E3A26BB10FF00FB058A /* MyLabel.swift in Sources */,
				688F86BC26B5854400DF60C5 /* ViewExtention.swift in Sources */,
				688F86B426B55EB000DF60C5 /* MoyaService.swift in Sources */,
				68D8034C26B4360600B25455 /* AppDelegate.swift in Sources */,
			);
			runOnlyForDeploymentPostprocessing = 0;
		};
/* End PBXSourcesBuildPhase section */

/* Begin PBXVariantGroup section */
		68D8035626B4360A00B25455 /* LaunchScreen.storyboard */ = {
			isa = PBXVariantGroup;
			children = (
				68D8035726B4360A00B25455 /* Base */,
			);
			name = LaunchScreen.storyboard;
			sourceTree = "<group>";
		};
/* End PBXVariantGroup section */

/* Begin XCBuildConfiguration section */
		68D8035A26B4360A00B25455 /* Debug */ = {
			isa = XCBuildConfiguration;
			buildSettings = {
				ALWAYS_SEARCH_USER_PATHS = NO;
				CLANG_ANALYZER_NONNULL = YES;
				CLANG_ANALYZER_NUMBER_OBJECT_CONVERSION = YES_AGGRESSIVE;
				CLANG_CXX_LANGUAGE_STANDARD = "gnu++14";
				CLANG_CXX_LIBRARY = "libc++";
				CLANG_ENABLE_MODULES = YES;
				CLANG_ENABLE_OBJC_ARC = YES;
				CLANG_ENABLE_OBJC_WEAK = YES;
				CLANG_WARN_BLOCK_CAPTURE_AUTORELEASING = YES;
				CLANG_WARN_BOOL_CONVERSION = YES;
				CLANG_WARN_COMMA = YES;
				CLANG_WARN_CONSTANT_CONVERSION = YES;
				CLANG_WARN_DEPRECATED_OBJC_IMPLEMENTATIONS = YES;
				CLANG_WARN_DIRECT_OBJC_ISA_USAGE = YES_ERROR;
				CLANG_WARN_DOCUMENTATION_COMMENTS = YES;
				CLANG_WARN_EMPTY_BODY = YES;
				CLANG_WARN_ENUM_CONVERSION = YES;
				CLANG_WARN_INFINITE_RECURSION = YES;
				CLANG_WARN_INT_CONVERSION = YES;
				CLANG_WARN_NON_LITERAL_NULL_CONVERSION = YES;
				CLANG_WARN_OBJC_IMPLICIT_RETAIN_SELF = YES;
				CLANG_WARN_OBJC_LITERAL_CONVERSION = YES;
				CLANG_WARN_OBJC_ROOT_CLASS = YES_ERROR;
				CLANG_WARN_QUOTED_INCLUDE_IN_FRAMEWORK_HEADER = YES;
				CLANG_WARN_RANGE_LOOP_ANALYSIS = YES;
				CLANG_WARN_STRICT_PROTOTYPES = YES;
				CLANG_WARN_SUSPICIOUS_MOVE = YES;
				CLANG_WARN_UNGUARDED_AVAILABILITY = YES_AGGRESSIVE;
				CLANG_WARN_UNREACHABLE_CODE = YES;
				CLANG_WARN__DUPLICATE_METHOD_MATCH = YES;
				COPY_PHASE_STRIP = NO;
				DEBUG_INFORMATION_FORMAT = dwarf;
				ENABLE_STRICT_OBJC_MSGSEND = YES;
				ENABLE_TESTABILITY = YES;
				GCC_C_LANGUAGE_STANDARD = gnu11;
				GCC_DYNAMIC_NO_PIC = NO;
				GCC_NO_COMMON_BLOCKS = YES;
				GCC_OPTIMIZATION_LEVEL = 0;
				GCC_PREPROCESSOR_DEFINITIONS = (
					"DEBUG=1",
					"$(inherited)",
				);
				GCC_WARN_64_TO_32_BIT_CONVERSION = YES;
				GCC_WARN_ABOUT_RETURN_TYPE = YES_ERROR;
				GCC_WARN_UNDECLARED_SELECTOR = YES;
				GCC_WARN_UNINITIALIZED_AUTOS = YES_AGGRESSIVE;
				GCC_WARN_UNUSED_FUNCTION = YES;
				GCC_WARN_UNUSED_VARIABLE = YES;
				IPHONEOS_DEPLOYMENT_TARGET = 13.0;
				MTL_ENABLE_DEBUG_INFO = INCLUDE_SOURCE;
				MTL_FAST_MATH = YES;
				ONLY_ACTIVE_ARCH = YES;
				SDKROOT = iphoneos;
				SWIFT_ACTIVE_COMPILATION_CONDITIONS = DEBUG;
				SWIFT_OPTIMIZATION_LEVEL = "-Onone";
			};
			name = Debug;
		};
		68D8035B26B4360A00B25455 /* Release */ = {
			isa = XCBuildConfiguration;
			buildSettings = {
				ALWAYS_SEARCH_USER_PATHS = NO;
				CLANG_ANALYZER_NONNULL = YES;
				CLANG_ANALYZER_NUMBER_OBJECT_CONVERSION = YES_AGGRESSIVE;
				CLANG_CXX_LANGUAGE_STANDARD = "gnu++14";
				CLANG_CXX_LIBRARY = "libc++";
				CLANG_ENABLE_MODULES = YES;
				CLANG_ENABLE_OBJC_ARC = YES;
				CLANG_ENABLE_OBJC_WEAK = YES;
				CLANG_WARN_BLOCK_CAPTURE_AUTORELEASING = YES;
				CLANG_WARN_BOOL_CONVERSION = YES;
				CLANG_WARN_COMMA = YES;
				CLANG_WARN_CONSTANT_CONVERSION = YES;
				CLANG_WARN_DEPRECATED_OBJC_IMPLEMENTATIONS = YES;
				CLANG_WARN_DIRECT_OBJC_ISA_USAGE = YES_ERROR;
				CLANG_WARN_DOCUMENTATION_COMMENTS = YES;
				CLANG_WARN_EMPTY_BODY = YES;
				CLANG_WARN_ENUM_CONVERSION = YES;
				CLANG_WARN_INFINITE_RECURSION = YES;
				CLANG_WARN_INT_CONVERSION = YES;
				CLANG_WARN_NON_LITERAL_NULL_CONVERSION = YES;
				CLANG_WARN_OBJC_IMPLICIT_RETAIN_SELF = YES;
				CLANG_WARN_OBJC_LITERAL_CONVERSION = YES;
				CLANG_WARN_OBJC_ROOT_CLASS = YES_ERROR;
				CLANG_WARN_QUOTED_INCLUDE_IN_FRAMEWORK_HEADER = YES;
				CLANG_WARN_RANGE_LOOP_ANALYSIS = YES;
				CLANG_WARN_STRICT_PROTOTYPES = YES;
				CLANG_WARN_SUSPICIOUS_MOVE = YES;
				CLANG_WARN_UNGUARDED_AVAILABILITY = YES_AGGRESSIVE;
				CLANG_WARN_UNREACHABLE_CODE = YES;
				CLANG_WARN__DUPLICATE_METHOD_MATCH = YES;
				COPY_PHASE_STRIP = NO;
				DEBUG_INFORMATION_FORMAT = "dwarf-with-dsym";
				ENABLE_NS_ASSERTIONS = NO;
				ENABLE_STRICT_OBJC_MSGSEND = YES;
				GCC_C_LANGUAGE_STANDARD = gnu11;
				GCC_NO_COMMON_BLOCKS = YES;
				GCC_WARN_64_TO_32_BIT_CONVERSION = YES;
				GCC_WARN_ABOUT_RETURN_TYPE = YES_ERROR;
				GCC_WARN_UNDECLARED_SELECTOR = YES;
				GCC_WARN_UNINITIALIZED_AUTOS = YES_AGGRESSIVE;
				GCC_WARN_UNUSED_FUNCTION = YES;
				GCC_WARN_UNUSED_VARIABLE = YES;
				IPHONEOS_DEPLOYMENT_TARGET = 13.0;
				MTL_ENABLE_DEBUG_INFO = NO;
				MTL_FAST_MATH = YES;
				SDKROOT = iphoneos;
				SWIFT_COMPILATION_MODE = wholemodule;
				SWIFT_OPTIMIZATION_LEVEL = "-O";
				VALIDATE_PRODUCT = YES;
			};
			name = Release;
		};
		68D8035D26B4360A00B25455 /* Debug */ = {
			isa = XCBuildConfiguration;
			baseConfigurationReference = AC879728A835DF77D586E930 /* Pods-Pryaniky.debug.xcconfig */;
			buildSettings = {
				ASSETCATALOG_COMPILER_APPICON_NAME = AppIcon;
				ASSETCATALOG_COMPILER_GLOBAL_ACCENT_COLOR_NAME = AccentColor;
				CODE_SIGN_STYLE = Automatic;
				DEVELOPMENT_TEAM = K7PWTVJYTB;
				INFOPLIST_FILE = Pryaniky/Info.plist;
				LD_RUNPATH_SEARCH_PATHS = (
					"$(inherited)",
					"@executable_path/Frameworks",
				);
				PRODUCT_BUNDLE_IDENTIFIER = com.skarry.Pryaniky;
				PRODUCT_NAME = "$(TARGET_NAME)";
				SWIFT_VERSION = 5.0;
				TARGETED_DEVICE_FAMILY = "1,2";
			};
			name = Debug;
		};
		68D8035E26B4360A00B25455 /* Release */ = {
			isa = XCBuildConfiguration;
			baseConfigurationReference = A03F86FF48937B4EB2647956 /* Pods-Pryaniky.release.xcconfig */;
			buildSettings = {
				ASSETCATALOG_COMPILER_APPICON_NAME = AppIcon;
				ASSETCATALOG_COMPILER_GLOBAL_ACCENT_COLOR_NAME = AccentColor;
				CODE_SIGN_STYLE = Automatic;
				DEVELOPMENT_TEAM = K7PWTVJYTB;
				INFOPLIST_FILE = Pryaniky/Info.plist;
				LD_RUNPATH_SEARCH_PATHS = (
					"$(inherited)",
					"@executable_path/Frameworks",
				);
				PRODUCT_BUNDLE_IDENTIFIER = com.skarry.Pryaniky;
				PRODUCT_NAME = "$(TARGET_NAME)";
				SWIFT_VERSION = 5.0;
				TARGETED_DEVICE_FAMILY = "1,2";
			};
			name = Release;
		};
/* End XCBuildConfiguration section */

/* Begin XCConfigurationList section */
		68D8034326B4360600B25455 /* Build configuration list for PBXProject "Pryaniky" */ = {
			isa = XCConfigurationList;
			buildConfigurations = (
				68D8035A26B4360A00B25455 /* Debug */,
				68D8035B26B4360A00B25455 /* Release */,
			);
			defaultConfigurationIsVisible = 0;
			defaultConfigurationName = Release;
		};
		68D8035C26B4360A00B25455 /* Build configuration list for PBXNativeTarget "Pryaniky" */ = {
			isa = XCConfigurationList;
			buildConfigurations = (
				68D8035D26B4360A00B25455 /* Debug */,
				68D8035E26B4360A00B25455 /* Release */,
			);
			defaultConfigurationIsVisible = 0;
			defaultConfigurationName = Release;
		};
/* End XCConfigurationList section */
	};
	rootObject = 68D8034026B4360600B25455 /* Project object */;
}
